version = 1
revision = 3
requires-python = ">=3.13"

[[package]]
name = "cdc-protocol"
version = "0.1.0"
source = { virtual = "." }
dependencies = [
    { name = "psycopg2" },
]

[package.metadata]
requires-dist = [{ name = "psycopg2", specifier = ">=2.9.12" }]

[[package]]
name = "psycopg2"
version = "2.9.12"
source = { registry = "https://pypi.org/simple" }
sdist = { url = "https://files.pythonhosted.org/packages/c7/bc/f66df707ed1aec949fbf24e4460e4f4277a7ba23cdadb3965bb1f634ddb9/psycopg2-2.9.12.tar.gz", hash = "sha256:1dedb1c7a1d8552c4a6044c6b1c41a52e6a8e2d144af83eccac758076b1b7c15", size = 379683, upload-time = "2026-04-20T23:36:11.013Z" }
wheels = [
    { url = "https://files.pythonhosted.org/packages/91/ab/03403779a251ca14a7f1b07a41c7aa735fd451f0aebe4c4f901a231167a4/psycopg2-2.9.12-cp313-cp313-win_amd64.whl", hash = "sha256:3d23e684927d37b95cee9a943f6927b04ae2fdcd056fd0e2a30929ee89fee5a9", size = 2757176, upload-time = "2026-04-20T23:33:23.577Z" },
    { url = "https://files.pythonhosted.org/packages/73/4a/a3566f77501c21a6c2a1fc234dbe5dff74a86e3f150ef070e4ffb835e7f9/psycopg2-2.9.12-cp314-cp314-win_amd64.whl", hash = "sha256:a73d5513bfe929c56555006c7a9cc7ae6e4276aa99dd2b1e2544eb8bb54f8b23", size = 2848588, upload-time = "2026-04-20T23:33:25.983Z" },
]
